{
  "nodes": {
    "clang-format-cmake": {
      "flake": false,
      "locked": {
        "lastModified": 1674911059,
        "narHash": "sha256-OY4h3XvaevNkogp5ueqh9UAABCfb8zQyw00UzXlPsA8=",
        "owner": "luis-hebendanz",
        "repo": "clangformat-cmake",
        "rev": "0e39be46e767bce2408a1006212af0c37c0cab28",
        "type": "github"
      },
      "original": {
        "owner": "luis-hebendanz",
        "repo": "clangformat-cmake",
        "type": "github"
      }
    },
    "luispkgs": {
      "locked": {
        "lastModified": 1688834297,
        "narHash": "sha256-FlkldLZjrn+JUqpz1qw9NvdPCh9lpH0zx7WuFXRkwVw=",
        "owner": "Luis-Hebendanz",
        "repo": "nixpkgs",
        "rev": "ab5f0f59c4ab695e2cff1f5a96b989b8491cd55f",
        "type": "github"
      },
      "original": {
        "owner": "Luis-Hebendanz",
        "ref": "fix2_ns3",
        "repo": "nixpkgs",
        "type": "github"
      }
    },
    "nixpkgs": {
      "locked": {
        "lastModified": 1688646010,
        "narHash": "sha256-kCeza5eKI2NEi8k0EoeZfv3lN1r1Vwx+L/VA6I8tmG4=",
        "owner": "NixOS",
        "repo": "nixpkgs",
        "rev": "5daaa32204e9c46b05cd709218b7ba733d07e80c",
        "type": "github"
      },
      "original": {
        "owner": "NixOS",
        "ref": "nixpkgs-unstable",
        "repo": "nixpkgs",
        "type": "github"
      }
    },
    "root": {
      "inputs": {
        "clang-format-cmake": "clang-format-cmake",
        "luispkgs": "luispkgs",
        "nixpkgs": "nixpkgs",
        "sanitizers-cmake": "sanitizers-cmake",
        "utils": "utils"
      }
    },
    "sanitizers-cmake": {
      "flake": false,
      "locked": {
        "lastModified": 1674067997,
        "narHash": "sha256-6yUiPKNwy+iUmTfniSkYhglJZ4e8X144IbUjDf+LJ5E=",
        "owner": "luis-hebendanz",
        "repo": "sanitizers-cmake",
        "rev": "bd39eff1003f71e93915efcce3cf5d7747ffc281",
        "type": "github"
      },
      "original": {
        "owner": "luis-hebendanz",
        "repo": "sanitizers-cmake",
        "type": "github"
      }
    },
    "systems": {
      "locked": {
        "lastModified": 1681028828,
        "narHash": "sha256-Vy1rq5AaRuLzOxct8nz4T6wlgyUR7zLU309k9mBC768=",
        "owner": "nix-systems",
        "repo": "default",
        "rev": "da67096a3b9bf56a91d16901293e51ba5b49a27e",
        "type": "github"
      },
      "original": {
        "owner": "nix-systems",
        "repo": "default",
        "type": "github"
      }
    },
    "utils": {
      "inputs": {
        "systems": "systems"
      },
      "locked": {
        "lastModified": 1687709756,
        "narHash": "sha256-Y5wKlQSkgEK2weWdOu4J3riRd+kV/VCgHsqLNTTWQ/0=",
        "owner": "numtide",
        "repo": "flake-utils",
        "rev": "dbabf0ca0c0c4bce6ea5eaf65af5cb694d2082c7",
        "type": "github"
      },
      "original": {
        "owner": "numtide",
        "repo": "flake-utils",
        "type": "github"
      }
    }
  },
  "root": "root",
  "version": 7
}
